
Microsoft Visual Studio Solution File, Format Version 12.00
# Visual Studio Version 16
VisualStudioVersion = 16.0.31112.23
MinimumVisualStudioVersion = 10.0.40219.1
Project("{2150E333-8FDC-42A3-9474-1A3956D46DE8}") = "Services", "Services", "{79D03CE0-5670-448D-A413-ABF3986F5E85}"
EndProject
Project("{2150E333-8FDC-42A3-9474-1A3956D46DE8}") = "Market", "Market", "{CA3D27A4-ED06-4DC7-A0CC-9A29BD92FF64}"
EndProject
Project("{9A19103F-16F7-4668-BE54-9A1E7A4F7556}") = "Market.API", "Services\Market\Market.API\Market.API.csproj", "{E473D33F-1FE6-4B86-AEB5-355D052A6304}"
EndProject
Project("{E53339B2-1760-4266-BCC7-CA923CBCF16C}") = "docker-compose", "docker-compose.dcproj", "{C98A8280-AE57-4D24-BCB6-E69B317193B3}"
EndProject
Project("{2150E333-8FDC-42A3-9474-1A3956D46DE8}") = "Basket", "Basket", "{5B8C3009-92DB-41CF-8D40-94A7643A5C66}"
EndProject
Project("{9A19103F-16F7-4668-BE54-9A1E7A4F7556}") = "Basket.API", "Services\Basket\Basket.API\Basket.API.csproj", "{9C835471-EFD5-4FB1-92CE-C9F03F679E95}"
EndProject
Project("{2150E333-8FDC-42A3-9474-1A3956D46DE8}") = "Ordering", "Ordering", "{4300186E-8876-41A2-96DD-7B6061F553E6}"
EndProject
Project("{9A19103F-16F7-4668-BE54-9A1E7A4F7556}") = "Ordering.API", "Services\Ordering\Ordering.API\Ordering.API.csproj", "{1C4F2FAD-2458-43AD-9FA5-59625C75E61A}"
EndProject
Project("{9A19103F-16F7-4668-BE54-9A1E7A4F7556}") = "Ordering.Domain", "Services\Ordering\Ordering.Domain\Ordering.Domain.csproj", "{50452B56-F2EA-4017-845F-E00292C555F2}"
EndProject
Project("{9A19103F-16F7-4668-BE54-9A1E7A4F7556}") = "Ordering.Application", "Services\Ordering\Ordering.Application\Ordering.Application.csproj", "{62246A41-0CC7-4B49-8D84-E880CDE7FE35}"
EndProject
Project("{9A19103F-16F7-4668-BE54-9A1E7A4F7556}") = "Ordering.Infrastructure", "Services\Ordering\Ordering.Infrastructure\Ordering.Infrastructure.csproj", "{6B3C6047-72C7-4A49-8BE5-324A60252674}"
EndProject
Project("{2150E333-8FDC-42A3-9474-1A3956D46DE8}") = "BuildingBlocks", "BuildingBlocks", "{307FB986-10CC-4540-A76A-FCB1D401F518}"
EndProject
Project("{FAE04EC0-301F-11D3-BF4B-00C04F79EFBC}") = "EventBus.Messages", "BuildingBlocks\EventBus.Messages\EventBus.Messages.csproj", "{32CDCA2A-E371-4A52-8007-6BB526607870}"
EndProject
Global
	GlobalSection(SolutionConfigurationPlatforms) = preSolution
		Debug|Any CPU = Debug|Any CPU
		Release|Any CPU = Release|Any CPU
	EndGlobalSection
	GlobalSection(ProjectConfigurationPlatforms) = postSolution
		{E473D33F-1FE6-4B86-AEB5-355D052A6304}.Debug|Any CPU.ActiveCfg = Debug|Any CPU
		{E473D33F-1FE6-4B86-AEB5-355D052A6304}.Debug|Any CPU.Build.0 = Debug|Any CPU
		{E473D33F-1FE6-4B86-AEB5-355D052A6304}.Release|Any CPU.ActiveCfg = Release|Any CPU
		{E473D33F-1FE6-4B86-AEB5-355D052A6304}.Release|Any CPU.Build.0 = Release|Any CPU
		{C98A8280-AE57-4D24-BCB6-E69B317193B3}.Debug|Any CPU.ActiveCfg = Debug|Any CPU
		{C98A8280-AE57-4D24-BCB6-E69B317193B3}.Debug|Any CPU.Build.0 = Debug|Any CPU
		{C98A8280-AE57-4D24-BCB6-E69B317193B3}.Release|Any CPU.ActiveCfg = Release|Any CPU
		{C98A8280-AE57-4D24-BCB6-E69B317193B3}.Release|Any CPU.Build.0 = Release|Any CPU
		{9C835471-EFD5-4FB1-92CE-C9F03F679E95}.Debug|Any CPU.ActiveCfg = Debug|Any CPU
		{9C835471-EFD5-4FB1-92CE-C9F03F679E95}.Debug|Any CPU.Build.0 = Debug|Any CPU
		{9C835471-EFD5-4FB1-92CE-C9F03F679E95}.Release|Any CPU.ActiveCfg = Release|Any CPU
		{9C835471-EFD5-4FB1-92CE-C9F03F679E95}.Release|Any CPU.Build.0 = Release|Any CPU
		{1C4F2FAD-2458-43AD-9FA5-59625C75E61A}.Debug|Any CPU.ActiveCfg = Debug|Any CPU
		{1C4F2FAD-2458-43AD-9FA5-59625C75E61A}.Debug|Any CPU.Build.0 = Debug|Any CPU
		{1C4F2FAD-2458-43AD-9FA5-59625C75E61A}.Release|Any CPU.ActiveCfg = Release|Any CPU
		{1C4F2FAD-2458-43AD-9FA5-59625C75E61A}.Release|Any CPU.Build.0 = Release|Any CPU
		{50452B56-F2EA-4017-845F-E00292C555F2}.Debug|Any CPU.ActiveCfg = Debug|Any CPU
		{50452B56-F2EA-4017-845F-E00292C555F2}.Debug|Any CPU.Build.0 = Debug|Any CPU
		{50452B56-F2EA-4017-845F-E00292C555F2}.Release|Any CPU.ActiveCfg = Release|Any CPU
		{50452B56-F2EA-4017-845F-E00292C555F2}.Release|Any CPU.Build.0 = Release|Any CPU
		{62246A41-0CC7-4B49-8D84-E880CDE7FE35}.Debug|Any CPU.ActiveCfg = Debug|Any CPU
		{62246A41-0CC7-4B49-8D84-E880CDE7FE35}.Debug|Any CPU.Build.0 = Debug|Any CPU
		{62246A41-0CC7-4B49-8D84-E880CDE7FE35}.Release|Any CPU.ActiveCfg = Release|Any CPU
		{62246A41-0CC7-4B49-8D84-E880CDE7FE35}.Release|Any CPU.Build.0 = Release|Any CPU
		{6B3C6047-72C7-4A49-8BE5-324A60252674}.Debug|Any CPU.ActiveCfg = Debug|Any CPU
		{6B3C6047-72C7-4A49-8BE5-324A60252674}.Debug|Any CPU.Build.0 = Debug|Any CPU
		{6B3C6047-72C7-4A49-8BE5-324A60252674}.Release|Any CPU.ActiveCfg = Release|Any CPU
		{6B3C6047-72C7-4A49-8BE5-324A60252674}.Release|Any CPU.Build.0 = Release|Any CPU
		{32CDCA2A-E371-4A52-8007-6BB526607870}.Debug|Any CPU.ActiveCfg = Debug|Any CPU
		{32CDCA2A-E371-4A52-8007-6BB526607870}.Debug|Any CPU.Build.0 = Debug|Any CPU
		{32CDCA2A-E371-4A52-8007-6BB526607870}.Release|Any CPU.ActiveCfg = Release|Any CPU
		{32CDCA2A-E371-4A52-8007-6BB526607870}.Release|Any CPU.Build.0 = Release|Any CPU
	EndGlobalSection
	GlobalSection(SolutionProperties) = preSolution
		HideSolutionNode = FALSE
	EndGlobalSection
	GlobalSection(NestedProjects) = preSolution
		{CA3D27A4-ED06-4DC7-A0CC-9A29BD92FF64} = {79D03CE0-5670-448D-A413-ABF3986F5E85}
		{E473D33F-1FE6-4B86-AEB5-355D052A6304} = {CA3D27A4-ED06-4DC7-A0CC-9A29BD92FF64}
		{5B8C3009-92DB-41CF-8D40-94A7643A5C66} = {79D03CE0-5670-448D-A413-ABF3986F5E85}
		{9C835471-EFD5-4FB1-92CE-C9F03F679E95} = {5B8C3009-92DB-41CF-8D40-94A7643A5C66}
		{4300186E-8876-41A2-96DD-7B6061F553E6} = {79D03CE0-5670-448D-A413-ABF3986F5E85}
		{1C4F2FAD-2458-43AD-9FA5-59625C75E61A} = {4300186E-8876-41A2-96DD-7B6061F553E6}
		{50452B56-F2EA-4017-845F-E00292C555F2} = {4300186E-8876-41A2-96DD-7B6061F553E6}
		{62246A41-0CC7-4B49-8D84-E880CDE7FE35} = {4300186E-8876-41A2-96DD-7B6061F553E6}
		{6B3C6047-72C7-4A49-8BE5-324A60252674} = {4300186E-8876-41A2-96DD-7B6061F553E6}
		{32CDCA2A-E371-4A52-8007-6BB526607870} = {307FB986-10CC-4540-A76A-FCB1D401F518}
	EndGlobalSection
	GlobalSection(ExtensibilityGlobals) = postSolution
		SolutionGuid = {6FDF8890-F7C1-400F-A971-C9A50A42CFBA}
	EndGlobalSection
EndGlobal
